{
  "name": "sidejobcommunity",
  "version": "1.0.0",
  "lockfileVersion": 1,
  "requires": true,
  "dependencies": {
    "vue": {
      "version": "2.6.8",
      "resolved": "https://registry.npmjs.org/vue/-/vue-2.6.8.tgz",
      "integrity": "sha512-+vp9lEC2Kt3yom673pzg1J7T1NVGuGzO9j8Wxno+rQN2WYVBX2pyo/RGQ3fXCLh2Pk76Skw/laAPCuBuEQ4diw=="
    },
    "vue-analytics": {
      "version": "5.17.0",
      "resolved": "https://registry.npmjs.org/vue-analytics/-/vue-analytics-5.17.0.tgz",
      "integrity": "sha512-1Cn/v06cGjmGDfRlG2hc0RF0sc2rNC88shOeLGNIlllSFv5GDZ9kLXGTPB9z9I+WyvFewyUONPIdQnpOls6h6w=="
    }
  }
}
